// !$*UTF8*$!
{
	archiveVersion = 1;
	classes = {
	};
	objectVersion = 46;
	objects = {

/* Begin PBXBuildFile section */
		D010E64E1967CF70004341D4 /* mountain.jpg in Resources */ = {isa = PBXBuildFile; fileRef = D010E64C1967CF70004341D4 /* mountain.jpg */; };
		D010E64F1967CF70004341D4 /* sea.jpg in Resources */ = {isa = PBXBuildFile; fileRef = D010E64D1967CF70004341D4 /* sea.jpg */; };
		D015C9DD19A0143C00BFBEF6 /* test.cpp in Sources */ = {isa = PBXBuildFile; fileRef = D015C9DC19A0143C00BFBEF6 /* test.cpp */; };
		D05BEF3C196523140026799B /* kodaru.jpg in Resources */ = {isa = PBXBuildFile; fileRef = D05BEF3B196523140026799B /* kodaru.jpg */; };
		D05BEF5C1965488D0026799B /* radial.png in Resources */ = {isa = PBXBuildFile; fileRef = D05BEF571965488D0026799B /* radial.png */; };
		D09C2BDB1967F9D300C4AEAD /* people.jpg in Resources */ = {isa = PBXBuildFile; fileRef = D09C2BDA1967F9D300C4AEAD /* people.jpg */; };
		D0F252EF195F820D00F80552 /* Foundation.framework in Frameworks */ = {isa = PBXBuildFile; fileRef = D0F252EE195F820D00F80552 /* Foundation.framework */; };
		D0F252F1195F820D00F80552 /* CoreGraphics.framework in Frameworks */ = {isa = PBXBuildFile; fileRef = D0F252F0195F820D00F80552 /* CoreGraphics.framework */; };
		D0F252F3195F820D00F80552 /* UIKit.framework in Frameworks */ = {isa = PBXBuildFile; fileRef = D0F252F2195F820D00F80552 /* UIKit.framework */; };
		D0F252F9195F820D00F80552 /* InfoPlist.strings in Resources */ = {isa = PBXBuildFile; fileRef = D0F252F7195F820D00F80552 /* InfoPlist.strings */; };
		D0F252FB195F820D00F80552 /* main.mm in Sources */ = {isa = PBXBuildFile; fileRef = D0F252FA195F820D00F80552 /* main.mm */; };
		D0F252FF195F820D00F80552 /* AppDelegate.mm in Sources */ = {isa = PBXBuildFile; fileRef = D0F252FE195F820D00F80552 /* AppDelegate.mm */; };
		D0F25307195F820D00F80552 /* Images.xcassets in Resources */ = {isa = PBXBuildFile; fileRef = D0F25306195F820D00F80552 /* Images.xcassets */; };
		D0F2530E195F820D00F80552 /* XCTest.framework in Frameworks */ = {isa = PBXBuildFile; fileRef = D0F2530D195F820D00F80552 /* XCTest.framework */; };
		D0F2530F195F820D00F80552 /* Foundation.framework in Frameworks */ = {isa = PBXBuildFile; fileRef = D0F252EE195F820D00F80552 /* Foundation.framework */; };
		D0F25310195F820D00F80552 /* UIKit.framework in Frameworks */ = {isa = PBXBuildFile; fileRef = D0F252F2195F820D00F80552 /* UIKit.framework */; };
		D0F25318195F820D00F80552 /* InfoPlist.strings in Resources */ = {isa = PBXBuildFile; fileRef = D0F25316195F820D00F80552 /* InfoPlist.strings */; };
		D0F2531A195F820D00F80552 /* LiberObjcExampleTests.m in Sources */ = {isa = PBXBuildFile; fileRef = D0F25319195F820D00F80552 /* LiberObjcExampleTests.m */; };
		D0F25324195F830700F80552 /* QuartzCore.framework in Frameworks */ = {isa = PBXBuildFile; fileRef = D0F25323195F830700F80552 /* QuartzCore.framework */; };
		D0F25326195F832A00F80552 /* OpenGLES.framework in Frameworks */ = {isa = PBXBuildFile; fileRef = D0F25325195F832A00F80552 /* OpenGLES.framework */; };
		D0F25328195F833100F80552 /* AssetsLibrary.framework in Frameworks */ = {isa = PBXBuildFile; fileRef = D0F25327195F833100F80552 /* AssetsLibrary.framework */; };
		D0F25337195F846800F80552 /* style_sheet.mm in Sources */ = {isa = PBXBuildFile; fileRef = D0F25335195F846800F80552 /* style_sheet.mm */; };
		D0F6B72319A03C45001E03A9 /* examples.mm in Sources */ = {isa = PBXBuildFile; fileRef = D0F6B72219A03C45001E03A9 /* examples.mm */; };
		D0F6B75F19A6B2D8001E03A9 /* objc_categories.m in Sources */ = {isa = PBXBuildFile; fileRef = D0F6B75819A6B2D8001E03A9 /* objc_categories.m */; };
		D0F6B76019A6B2D8001E03A9 /* objc_classes.mm in Sources */ = {isa = PBXBuildFile; fileRef = D0F6B75919A6B2D8001E03A9 /* objc_classes.mm */; };
		D0F6B76119A6B2D8001E03A9 /* objc_controller.mm in Sources */ = {isa = PBXBuildFile; fileRef = D0F6B75A19A6B2D8001E03A9 /* objc_controller.mm */; };
		D0F6B76219A6B2D8001E03A9 /* objc_node.mm in Sources */ = {isa = PBXBuildFile; fileRef = D0F6B75C19A6B2D8001E03A9 /* objc_node.mm */; };
		D0F6B76319A6B2D8001E03A9 /* objc_wrappers.mm in Sources */ = {isa = PBXBuildFile; fileRef = D0F6B75D19A6B2D8001E03A9 /* objc_wrappers.mm */; };
		D0F6B76419A6B2D8001E03A9 /* style.mm in Sources */ = {isa = PBXBuildFile; fileRef = D0F6B75E19A6B2D8001E03A9 /* style.mm */; };
/* End PBXBuildFile section */

/* Begin PBXContainerItemProxy section */
		D0F25311195F820D00F80552 /* PBXContainerItemProxy */ = {
			isa = PBXContainerItemProxy;
			containerPortal = D0F252E3195F820D00F80552 /* Project object */;
			proxyType = 1;
			remoteGlobalIDString = D0F252EA195F820D00F80552;
			remoteInfo = LiberObjcExample;
		};
/* End PBXContainerItemProxy section */

/* Begin PBXFileReference section */
		D010E64C1967CF70004341D4 /* mountain.jpg */ = {isa = PBXFileReference; lastKnownFileType = image.jpeg; path = mountain.jpg; sourceTree = "<group>"; };
		D010E64D1967CF70004341D4 /* sea.jpg */ = {isa = PBXFileReference; lastKnownFileType = image.jpeg; path = sea.jpg; sourceTree = "<group>"; };
		D015C9DC19A0143C00BFBEF6 /* test.cpp */ = {isa = PBXFileReference; fileEncoding = 4; lastKnownFileType = sourcecode.cpp.cpp; path = test.cpp; sourceTree = "<group>"; };
		D015C9DE19A018C300BFBEF6 /* test.h */ = {isa = PBXFileReference; fileEncoding = 4; lastKnownFileType = sourcecode.c.h; path = test.h; sourceTree = "<group>"; };
		D05BEF3B196523140026799B /* kodaru.jpg */ = {isa = PBXFileReference; lastKnownFileType = image.jpeg; path = kodaru.jpg; sourceTree = "<group>"; };
		D05BEF571965488D0026799B /* radial.png */ = {isa = PBXFileReference; lastKnownFileType = image.png; path = radial.png; sourceTree = "<group>"; };
		D06B018A195FACF00024FD47 /* examples.h */ = {isa = PBXFileReference; fileEncoding = 4; lastKnownFileType = sourcecode.c.h; path = examples.h; sourceTree = "<group>"; };
		D09C2BDA1967F9D300C4AEAD /* people.jpg */ = {isa = PBXFileReference; lastKnownFileType = image.jpeg; path = people.jpg; sourceTree = "<group>"; };
		D0F252EB195F820D00F80552 /* LiberObjcExample.app */ = {isa = PBXFileReference; explicitFileType = wrapper.application; includeInIndex = 0; path = LiberObjcExample.app; sourceTree = BUILT_PRODUCTS_DIR; };
		D0F252EE195F820D00F80552 /* Foundation.framework */ = {isa = PBXFileReference; lastKnownFileType = wrapper.framework; name = Foundation.framework; path = System/Library/Frameworks/Foundation.framework; sourceTree = SDKROOT; };
		D0F252F0195F820D00F80552 /* CoreGraphics.framework */ = {isa = PBXFileReference; lastKnownFileType = wrapper.framework; name = CoreGraphics.framework; path = System/Library/Frameworks/CoreGraphics.framework; sourceTree = SDKROOT; };
		D0F252F2195F820D00F80552 /* UIKit.framework */ = {isa = PBXFileReference; lastKnownFileType = wrapper.framework; name = UIKit.framework; path = System/Library/Frameworks/UIKit.framework; sourceTree = SDKROOT; };
		D0F252F6195F820D00F80552 /* LiberObjcExample-Info.plist */ = {isa = PBXFileReference; lastKnownFileType = text.plist.xml; path = "LiberObjcExample-Info.plist"; sourceTree = "<group>"; };
		D0F252F8195F820D00F80552 /* en */ = {isa = PBXFileReference; lastKnownFileType = text.plist.strings; name = en; path = en.lproj/InfoPlist.strings; sourceTree = "<group>"; };
		D0F252FA195F820D00F80552 /* main.mm */ = {isa = PBXFileReference; lastKnownFileType = sourcecode.cpp.objcpp; path = main.mm; sourceTree = "<group>"; };
		D0F252FC195F820D00F80552 /* LiberObjcExample-Prefix.pch */ = {isa = PBXFileReference; lastKnownFileType = sourcecode.c.h; path = "LiberObjcExample-Prefix.pch"; sourceTree = "<group>"; };
		D0F252FD195F820D00F80552 /* AppDelegate.h */ = {isa = PBXFileReference; lastKnownFileType = sourcecode.c.h; path = AppDelegate.h; sourceTree = "<group>"; };
		D0F252FE195F820D00F80552 /* AppDelegate.mm */ = {isa = PBXFileReference; lastKnownFileType = sourcecode.cpp.objcpp; path = AppDelegate.mm; sourceTree = "<group>"; };
		D0F25306195F820D00F80552 /* Images.xcassets */ = {isa = PBXFileReference; lastKnownFileType = folder.assetcatalog; path = Images.xcassets; sourceTree = "<group>"; };
		D0F2530C195F820D00F80552 /* LiberObjcExampleTests.xctest */ = {isa = PBXFileReference; explicitFileType = wrapper.cfbundle; includeInIndex = 0; path = LiberObjcExampleTests.xctest; sourceTree = BUILT_PRODUCTS_DIR; };
		D0F2530D195F820D00F80552 /* XCTest.framework */ = {isa = PBXFileReference; lastKnownFileType = wrapper.framework; name = XCTest.framework; path = Library/Frameworks/XCTest.framework; sourceTree = DEVELOPER_DIR; };
		D0F25315195F820D00F80552 /* LiberObjcExampleTests-Info.plist */ = {isa = PBXFileReference; lastKnownFileType = text.plist.xml; path = "LiberObjcExampleTests-Info.plist"; sourceTree = "<group>"; };
		D0F25317195F820D00F80552 /* en */ = {isa = PBXFileReference; lastKnownFileType = text.plist.strings; name = en; path = en.lproj/InfoPlist.strings; sourceTree = "<group>"; };
		D0F25319195F820D00F80552 /* LiberObjcExampleTests.m */ = {isa = PBXFileReference; lastKnownFileType = sourcecode.c.objc; path = LiberObjcExampleTests.m; sourceTree = "<group>"; };
		D0F25323195F830700F80552 /* QuartzCore.framework */ = {isa = PBXFileReference; lastKnownFileType = wrapper.framework; name = QuartzCore.framework; path = System/Library/Frameworks/QuartzCore.framework; sourceTree = SDKROOT; };
		D0F25325195F832A00F80552 /* OpenGLES.framework */ = {isa = PBXFileReference; lastKnownFileType = wrapper.framework; name = OpenGLES.framework; path = System/Library/Frameworks/OpenGLES.framework; sourceTree = SDKROOT; };
		D0F25327195F833100F80552 /* AssetsLibrary.framework */ = {isa = PBXFileReference; lastKnownFileType = wrapper.framework; name = AssetsLibrary.framework; path = System/Library/Frameworks/AssetsLibrary.framework; sourceTree = SDKROOT; };
		D0F25335195F846800F80552 /* style_sheet.mm */ = {isa = PBXFileReference; fileEncoding = 4; lastKnownFileType = sourcecode.cpp.objcpp; path = style_sheet.mm; sourceTree = "<group>"; };
		D0F25336195F846800F80552 /* style_sheet.h */ = {isa = PBXFileReference; fileEncoding = 4; lastKnownFileType = sourcecode.c.h; path = style_sheet.h; sourceTree = "<group>"; };
		D0F6B72219A03C45001E03A9 /* examples.mm */ = {isa = PBXFileReference; fileEncoding = 4; lastKnownFileType = sourcecode.cpp.objcpp; path = examples.mm; sourceTree = "<group>"; };
		D0F6B75619A6B2D8001E03A9 /* liber.h */ = {isa = PBXFileReference; fileEncoding = 4; lastKnownFileType = sourcecode.c.h; path = liber.h; sourceTree = "<group>"; };
		D0F6B75719A6B2D8001E03A9 /* objc_categories.h */ = {isa = PBXFileReference; fileEncoding = 4; lastKnownFileType = sourcecode.c.h; path = objc_categories.h; sourceTree = "<group>"; };
		D0F6B75819A6B2D8001E03A9 /* objc_categories.m */ = {isa = PBXFileReference; fileEncoding = 4; lastKnownFileType = sourcecode.c.objc; path = objc_categories.m; sourceTree = "<group>"; };
		D0F6B75919A6B2D8001E03A9 /* objc_classes.mm */ = {isa = PBXFileReference; fileEncoding = 4; lastKnownFileType = sourcecode.cpp.objcpp; path = objc_classes.mm; sourceTree = "<group>"; };
		D0F6B75A19A6B2D8001E03A9 /* objc_controller.mm */ = {isa = PBXFileReference; fileEncoding = 4; lastKnownFileType = sourcecode.cpp.objcpp; path = objc_controller.mm; sourceTree = "<group>"; };
		D0F6B75B19A6B2D8001E03A9 /* objc_headers.h */ = {isa = PBXFileReference; fileEncoding = 4; lastKnownFileType = sourcecode.c.h; path = objc_headers.h; sourceTree = "<group>"; };
		D0F6B75C19A6B2D8001E03A9 /* objc_node.mm */ = {isa = PBXFileReference; fileEncoding = 4; lastKnownFileType = sourcecode.cpp.objcpp; path = objc_node.mm; sourceTree = "<group>"; };
		D0F6B75D19A6B2D8001E03A9 /* objc_wrappers.mm */ = {isa = PBXFileReference; fileEncoding = 4; lastKnownFileType = sourcecode.cpp.objcpp; path = objc_wrappers.mm; sourceTree = "<group>"; };
		D0F6B75E19A6B2D8001E03A9 /* style.mm */ = {isa = PBXFileReference; fileEncoding = 4; lastKnownFileType = sourcecode.cpp.objcpp; path = style.mm; sourceTree = "<group>"; };
		D0F6B76619A812A3001E03A9 /* types.h */ = {isa = PBXFileReference; fileEncoding = 4; lastKnownFileType = sourcecode.c.h; path = types.h; sourceTree = "<group>"; };
/* End PBXFileReference section */

/* Begin PBXFrameworksBuildPhase section */
		D0F252E8195F820D00F80552 /* Frameworks */ = {
			isa = PBXFrameworksBuildPhase;
			buildActionMask = 2147483647;
			files = (
				D0F25328195F833100F80552 /* AssetsLibrary.framework in Frameworks */,
				D0F25326195F832A00F80552 /* OpenGLES.framework in Frameworks */,
				D0F25324195F830700F80552 /* QuartzCore.framework in Frameworks */,
				D0F252F1195F820D00F80552 /* CoreGraphics.framework in Frameworks */,
				D0F252F3195F820D00F80552 /* UIKit.framework in Frameworks */,
				D0F252EF195F820D00F80552 /* Foundation.framework in Frameworks */,
			);
			runOnlyForDeploymentPostprocessing = 0;
		};
		D0F25309195F820D00F80552 /* Frameworks */ = {
			isa = PBXFrameworksBuildPhase;
			buildActionMask = 2147483647;
			files = (
				D0F2530E195F820D00F80552 /* XCTest.framework in Frameworks */,
				D0F25310195F820D00F80552 /* UIKit.framework in Frameworks */,
				D0F2530F195F820D00F80552 /* Foundation.framework in Frameworks */,
			);
			runOnlyForDeploymentPostprocessing = 0;
		};
/* End PBXFrameworksBuildPhase section */

/* Begin PBXGroup section */
		D06B018C195FFE840024FD47 /* images */ = {
			isa = PBXGroup;
			children = (
				D09C2BDA1967F9D300C4AEAD /* people.jpg */,
				D05BEF3B196523140026799B /* kodaru.jpg */,
				D010E64C1967CF70004341D4 /* mountain.jpg */,
				D010E64D1967CF70004341D4 /* sea.jpg */,
				D05BEF571965488D0026799B /* radial.png */,
			);
			name = images;
			path = LiberObjcExample/images;
			sourceTree = "<group>";
		};
		D0F252E2195F820D00F80552 = {
			isa = PBXGroup;
			children = (
				D0F252F4195F820D00F80552 /* LiberObjcExample */,
				D0F25313195F820D00F80552 /* LiberObjcExampleTests */,
				D0F252ED195F820D00F80552 /* Frameworks */,
				D0F252EC195F820D00F80552 /* Products */,
				D06B018C195FFE840024FD47 /* images */,
			);
			sourceTree = "<group>";
		};
		D0F252EC195F820D00F80552 /* Products */ = {
			isa = PBXGroup;
			children = (
				D0F252EB195F820D00F80552 /* LiberObjcExample.app */,
				D0F2530C195F820D00F80552 /* LiberObjcExampleTests.xctest */,
			);
			name = Products;
			sourceTree = "<group>";
		};
		D0F252ED195F820D00F80552 /* Frameworks */ = {
			isa = PBXGroup;
			children = (
				D0F25327195F833100F80552 /* AssetsLibrary.framework */,
				D0F25325195F832A00F80552 /* OpenGLES.framework */,
				D0F25323195F830700F80552 /* QuartzCore.framework */,
				D0F252EE195F820D00F80552 /* Foundation.framework */,
				D0F252F0195F820D00F80552 /* CoreGraphics.framework */,
				D0F252F2195F820D00F80552 /* UIKit.framework */,
				D0F2530D195F820D00F80552 /* XCTest.framework */,
			);
			name = Frameworks;
			sourceTree = "<group>";
		};
		D0F252F4195F820D00F80552 /* LiberObjcExample */ = {
			isa = PBXGroup;
			children = (
				D0F25329195F83B900F80552 /* liberobjc */,
				D0F252FD195F820D00F80552 /* AppDelegate.h */,
				D0F252FE195F820D00F80552 /* AppDelegate.mm */,
				D06B018A195FACF00024FD47 /* examples.h */,
				D0F6B72219A03C45001E03A9 /* examples.mm */,
				D0F25306195F820D00F80552 /* Images.xcassets */,
				D0F25336195F846800F80552 /* style_sheet.h */,
				D0F25335195F846800F80552 /* style_sheet.mm */,
				D0F252F5195F820D00F80552 /* Supporting Files */,
				D015C9DC19A0143C00BFBEF6 /* test.cpp */,
				D015C9DE19A018C300BFBEF6 /* test.h */,
			);
			path = LiberObjcExample;
			sourceTree = "<group>";
		};
		D0F252F5195F820D00F80552 /* Supporting Files */ = {
			isa = PBXGroup;
			children = (
				D0F252F6195F820D00F80552 /* LiberObjcExample-Info.plist */,
				D0F252F7195F820D00F80552 /* InfoPlist.strings */,
				D0F252FA195F820D00F80552 /* main.mm */,
				D0F252FC195F820D00F80552 /* LiberObjcExample-Prefix.pch */,
			);
			name = "Supporting Files";
			sourceTree = "<group>";
		};
		D0F25313195F820D00F80552 /* LiberObjcExampleTests */ = {
			isa = PBXGroup;
			children = (
				D0F25319195F820D00F80552 /* LiberObjcExampleTests.m */,
				D0F25314195F820D00F80552 /* Supporting Files */,
			);
			path = LiberObjcExampleTests;
			sourceTree = "<group>";
		};
		D0F25314195F820D00F80552 /* Supporting Files */ = {
			isa = PBXGroup;
			children = (
				D0F25315195F820D00F80552 /* LiberObjcExampleTests-Info.plist */,
				D0F25316195F820D00F80552 /* InfoPlist.strings */,
			);
			name = "Supporting Files";
			sourceTree = "<group>";
		};
		D0F25329195F83B900F80552 /* liberobjc */ = {
			isa = PBXGroup;
			children = (
				D0F6B76619A812A3001E03A9 /* types.h */,
				D0F6B75619A6B2D8001E03A9 /* liber.h */,
				D0F6B75719A6B2D8001E03A9 /* objc_categories.h */,
				D0F6B75819A6B2D8001E03A9 /* objc_categories.m */,
				D0F6B75A19A6B2D8001E03A9 /* objc_controller.mm */,
				D0F6B75B19A6B2D8001E03A9 /* objc_headers.h */,
				D0F6B75919A6B2D8001E03A9 /* objc_classes.mm */,
				D0F6B75C19A6B2D8001E03A9 /* objc_node.mm */,
				D0F6B75D19A6B2D8001E03A9 /* objc_wrappers.mm */,
				D0F6B75E19A6B2D8001E03A9 /* style.mm */,
			);
			name = liberobjc;
			path = ../..;
			sourceTree = SOURCE_ROOT;
		};
/* End PBXGroup section */

/* Begin PBXNativeTarget section */
		D0F252EA195F820D00F80552 /* LiberObjcExample */ = {
			isa = PBXNativeTarget;
			buildConfigurationList = D0F2531D195F820D00F80552 /* Build configuration list for PBXNativeTarget "LiberObjcExample" */;
			buildPhases = (
				D0F252E7195F820D00F80552 /* Sources */,
				D0F252E8195F820D00F80552 /* Frameworks */,
				D0F252E9195F820D00F80552 /* Resources */,
			);
			buildRules = (
			);
			dependencies = (
			);
			name = LiberObjcExample;
			productName = LiberObjcExample;
			productReference = D0F252EB195F820D00F80552 /* LiberObjcExample.app */;
			productType = "com.apple.product-type.application";
		};
		D0F2530B195F820D00F80552 /* LiberObjcExampleTests */ = {
			isa = PBXNativeTarget;
			buildConfigurationList = D0F25320195F820D00F80552 /* Build configuration list for PBXNativeTarget "LiberObjcExampleTests" */;
			buildPhases = (
				D0F25308195F820D00F80552 /* Sources */,
				D0F25309195F820D00F80552 /* Frameworks */,
				D0F2530A195F820D00F80552 /* Resources */,
			);
			buildRules = (
			);
			dependencies = (
				D0F25312195F820D00F80552 /* PBXTargetDependency */,
			);
			name = LiberObjcExampleTests;
			productName = LiberObjcExampleTests;
			productReference = D0F2530C195F820D00F80552 /* LiberObjcExampleTests.xctest */;
			productType = "com.apple.product-type.bundle.unit-test";
		};
/* End PBXNativeTarget section */

/* Begin PBXProject section */
		D0F252E3195F820D00F80552 /* Project object */ = {
			isa = PBXProject;
			attributes = {
				LastUpgradeCheck = 0510;
				ORGANIZATIONNAME = "Liberhood ltd.";
				TargetAttributes = {
					D0F252EA195F820D00F80552 = {
						DevelopmentTeam = 492AXEK23E;
					};
					D0F2530B195F820D00F80552 = {
						TestTargetID = D0F252EA195F820D00F80552;
					};
				};
			};
			buildConfigurationList = D0F252E6195F820D00F80552 /* Build configuration list for PBXProject "LiberObjcExample" */;
			compatibilityVersion = "Xcode 3.2";
			developmentRegion = English;
			hasScannedForEncodings = 0;
			knownRegions = (
				en,
				Base,
			);
			mainGroup = D0F252E2195F820D00F80552;
			productRefGroup = D0F252EC195F820D00F80552 /* Products */;
			projectDirPath = "";
			projectRoot = "";
			targets = (
				D0F252EA195F820D00F80552 /* LiberObjcExample */,
				D0F2530B195F820D00F80552 /* LiberObjcExampleTests */,
			);
		};
/* End PBXProject section */

/* Begin PBXResourcesBuildPhase section */
		D0F252E9195F820D00F80552 /* Resources */ = {
			isa = PBXResourcesBuildPhase;
			buildActionMask = 2147483647;
			files = (
				D0F25307195F820D00F80552 /* Images.xcassets in Resources */,
				D05BEF3C196523140026799B /* kodaru.jpg in Resources */,
				D010E64E1967CF70004341D4 /* mountain.jpg in Resources */,
				D010E64F1967CF70004341D4 /* sea.jpg in Resources */,
				D0F252F9195F820D00F80552 /* InfoPlist.strings in Resources */,
				D09C2BDB1967F9D300C4AEAD /* people.jpg in Resources */,
				D05BEF5C1965488D0026799B /* radial.png in Resources */,
			);
			runOnlyForDeploymentPostprocessing = 0;
		};
		D0F2530A195F820D00F80552 /* Resources */ = {
			isa = PBXResourcesBuildPhase;
			buildActionMask = 2147483647;
			files = (
				D0F25318195F820D00F80552 /* InfoPlist.strings in Resources */,
			);
			runOnlyForDeploymentPostprocessing = 0;
		};
/* End PBXResourcesBuildPhase section */

/* Begin PBXSourcesBuildPhase section */
		D0F252E7195F820D00F80552 /* Sources */ = {
			isa = PBXSourcesBuildPhase;
			buildActionMask = 2147483647;
			files = (
				D0F25337195F846800F80552 /* style_sheet.mm in Sources */,
				D0F6B76019A6B2D8001E03A9 /* objc_classes.mm in Sources */,
				D0F6B76319A6B2D8001E03A9 /* objc_wrappers.mm in Sources */,
				D0F6B76219A6B2D8001E03A9 /* objc_node.mm in Sources */,
				D0F6B76419A6B2D8001E03A9 /* style.mm in Sources */,
				D015C9DD19A0143C00BFBEF6 /* test.cpp in Sources */,
				D0F252FF195F820D00F80552 /* AppDelegate.mm in Sources */,
				D0F6B76119A6B2D8001E03A9 /* objc_controller.mm in Sources */,
				D0F6B75F19A6B2D8001E03A9 /* objc_categories.m in Sources */,
				D0F6B72319A03C45001E03A9 /* examples.mm in Sources */,
				D0F252FB195F820D00F80552 /* main.mm in Sources */,
			);
			runOnlyForDeploymentPostprocessing = 0;
		};
		D0F25308195F820D00F80552 /* Sources */ = {
			isa = PBXSourcesBuildPhase;
			buildActionMask = 2147483647;
			files = (
				D0F2531A195F820D00F80552 /* LiberObjcExampleTests.m in Sources */,
			);
			runOnlyForDeploymentPostprocessing = 0;
		};
/* End PBXSourcesBuildPhase section */

/* Begin PBXTargetDependency section */
		D0F25312195F820D00F80552 /* PBXTargetDependency */ = {
			isa = PBXTargetDependency;
			target = D0F252EA195F820D00F80552 /* LiberObjcExample */;
			targetProxy = D0F25311195F820D00F80552 /* PBXContainerItemProxy */;
		};
/* End PBXTargetDependency section */

/* Begin PBXVariantGroup section */
		D0F252F7195F820D00F80552 /* InfoPlist.strings */ = {
			isa = PBXVariantGroup;
			children = (
				D0F252F8195F820D00F80552 /* en */,
			);
			name = InfoPlist.strings;
			sourceTree = "<group>";
		};
		D0F25316195F820D00F80552 /* InfoPlist.strings */ = {
			isa = PBXVariantGroup;
			children = (
				D0F25317195F820D00F80552 /* en */,
			);
			name = InfoPlist.strings;
			sourceTree = "<group>";
		};
/* End PBXVariantGroup section */

/* Begin XCBuildConfiguration section */
		D0F2531B195F820D00F80552 /* Debug */ = {
			isa = XCBuildConfiguration;
			buildSettings = {
				ALWAYS_SEARCH_USER_PATHS = NO;
				CLANG_CXX_LANGUAGE_STANDARD = "gnu++0x";
				CLANG_CXX_LIBRARY = "libc++";
				CLANG_ENABLE_MODULES = YES;
				CLANG_ENABLE_OBJC_ARC = YES;
				CLANG_WARN_BOOL_CONVERSION = YES;
				CLANG_WARN_CONSTANT_CONVERSION = YES;
				CLANG_WARN_DIRECT_OBJC_ISA_USAGE = YES_ERROR;
				CLANG_WARN_EMPTY_BODY = YES;
				CLANG_WARN_ENUM_CONVERSION = YES;
				CLANG_WARN_INT_CONVERSION = YES;
				CLANG_WARN_OBJC_ROOT_CLASS = YES_ERROR;
				CLANG_WARN__DUPLICATE_METHOD_MATCH = YES;
				"CODE_SIGN_IDENTITY[sdk=iphoneos*]" = "iPhone Developer";
				COPY_PHASE_STRIP = NO;
				GCC_C_LANGUAGE_STANDARD = gnu11;
				GCC_DYNAMIC_NO_PIC = NO;
				GCC_OPTIMIZATION_LEVEL = 0;
				GCC_PREPROCESSOR_DEFINITIONS = (
					"DEBUG=1",
					"$(inherited)",
				);
				GCC_SYMBOLS_PRIVATE_EXTERN = NO;
				GCC_WARN_64_TO_32_BIT_CONVERSION = YES;
				GCC_WARN_ABOUT_RETURN_TYPE = YES_ERROR;
				GCC_WARN_UNDECLARED_SELECTOR = YES;
				GCC_WARN_UNINITIALIZED_AUTOS = YES_AGGRESSIVE;
				GCC_WARN_UNUSED_FUNCTION = YES;
				GCC_WARN_UNUSED_VARIABLE = YES;
				IPHONEOS_DEPLOYMENT_TARGET = 7.1;
				ONLY_ACTIVE_ARCH = YES;
				SDKROOT = iphoneos;
				WARNING_CFLAGS = "-w";
			};
			name = Debug;
		};
		D0F2531C195F820D00F80552 /* Release */ = {
			isa = XCBuildConfiguration;
			buildSettings = {
				ALWAYS_SEARCH_USER_PATHS = NO;
				CLANG_CXX_LANGUAGE_STANDARD = "gnu++0x";
				CLANG_CXX_LIBRARY = "libc++";
				CLANG_ENABLE_MODULES = YES;
				CLANG_ENABLE_OBJC_ARC = YES;
				CLANG_WARN_BOOL_CONVERSION = YES;
				CLANG_WARN_CONSTANT_CONVERSION = YES;
				CLANG_WARN_DIRECT_OBJC_ISA_USAGE = YES_ERROR;
				CLANG_WARN_EMPTY_BODY = YES;
				CLANG_WARN_ENUM_CONVERSION = YES;
				CLANG_WARN_INT_CONVERSION = YES;
				CLANG_WARN_OBJC_ROOT_CLASS = YES_ERROR;
				CLANG_WARN__DUPLICATE_METHOD_MATCH = YES;
				"CODE_SIGN_IDENTITY[sdk=iphoneos*]" = "iPhone Developer";
				COPY_PHASE_STRIP = YES;
				ENABLE_NS_ASSERTIONS = NO;
				GCC_C_LANGUAGE_STANDARD = gnu11;
				GCC_WARN_64_TO_32_BIT_CONVERSION = YES;
				GCC_WARN_ABOUT_RETURN_TYPE = YES_ERROR;
				GCC_WARN_UNDECLARED_SELECTOR = YES;
				GCC_WARN_UNINITIALIZED_AUTOS = YES_AGGRESSIVE;
				GCC_WARN_UNUSED_FUNCTION = YES;
				GCC_WARN_UNUSED_VARIABLE = YES;
				IPHONEOS_DEPLOYMENT_TARGET = 7.1;
				SDKROOT = iphoneos;
				VALIDATE_PRODUCT = YES;
				WARNING_CFLAGS = "-w";
			};
			name = Release;
		};
		D0F2531E195F820D00F80552 /* Debug */ = {
			isa = XCBuildConfiguration;
			buildSettings = {
				ASSETCATALOG_COMPILER_APPICON_NAME = AppIcon;
				ASSETCATALOG_COMPILER_LAUNCHIMAGE_NAME = LaunchImage;
				CLANG_CXX_LANGUAGE_STANDARD = "gnu++0x";
				CLANG_CXX_LIBRARY = "libc++";
				CLANG_WARN_OBJC_REPEATED_USE_OF_WEAK = YES;
				CODE_SIGN_IDENTITY = "iPhone Developer: Song Yu (VVEVMH5YSW)";
				"CODE_SIGN_IDENTITY[sdk=iphoneos*]" = "iPhone Developer";
				GCC_C_LANGUAGE_STANDARD = gnu11;
				GCC_INCREASE_PRECOMPILED_HEADER_SHARING = NO;
				GCC_INPUT_FILETYPE = automatic;
				GCC_PRECOMPILE_PREFIX_HEADER = YES;
				GCC_PREFIX_HEADER = "LiberObjcExample/LiberObjcExample-Prefix.pch";
				INFOPLIST_FILE = "LiberObjcExample/LiberObjcExample-Info.plist";
				OTHER_CPLUSPLUSFLAGS = "${OTHER_FLAGS}";
				PRODUCT_NAME = "$(TARGET_NAME)";
				PROVISIONING_PROFILE = "7753C8E1-0953-43CC-8933-BCA63545EDC7";
				WARNING_CFLAGS = "-w";
				WRAPPER_EXTENSION = app;
			};
			name = Debug;
		};
		D0F2531F195F820D00F80552 /* Release */ = {
			isa = XCBuildConfiguration;
			buildSettings = {
				ASSETCATALOG_COMPILER_APPICON_NAME = AppIcon;
				ASSETCATALOG_COMPILER_LAUNCHIMAGE_NAME = LaunchImage;
				CLANG_CXX_LANGUAGE_STANDARD = "gnu++0x";
				CLANG_CXX_LIBRARY = "libc++";
				CLANG_WARN_OBJC_REPEATED_USE_OF_WEAK = YES;
				CODE_SIGN_IDENTITY = "iPhone Developer: Song Yu (VVEVMH5YSW)";
				"CODE_SIGN_IDENTITY[sdk=iphoneos*]" = "iPhone Developer";
				GCC_C_LANGUAGE_STANDARD = gnu11;
				GCC_INCREASE_PRECOMPILED_HEADER_SHARING = NO;
				GCC_INPUT_FILETYPE = automatic;
				GCC_PRECOMPILE_PREFIX_HEADER = YES;
				GCC_PREFIX_HEADER = "LiberObjcExample/LiberObjcExample-Prefix.pch";
				INFOPLIST_FILE = "LiberObjcExample/LiberObjcExample-Info.plist";
				OTHER_CPLUSPLUSFLAGS = "${OTHER_FLAGS}";
				PRODUCT_NAME = "$(TARGET_NAME)";
				PROVISIONING_PROFILE = "7753C8E1-0953-43CC-8933-BCA63545EDC7";
				WARNING_CFLAGS = "-w";
				WRAPPER_EXTENSION = app;
			};
			name = Release;
		};
		D0F25321195F820D00F80552 /* Debug */ = {
			isa = XCBuildConfiguration;
			buildSettings = {
				BUNDLE_LOADER = "$(BUILT_PRODUCTS_DIR)/LiberObjcExample.app/LiberObjcExample";
				FRAMEWORK_SEARCH_PATHS = (
					"$(SDKROOT)/Developer/Library/Frameworks",
					"$(inherited)",
					"$(DEVELOPER_FRAMEWORKS_DIR)",
				);
				GCC_PRECOMPILE_PREFIX_HEADER = YES;
				GCC_PREFIX_HEADER = "LiberObjcExample/LiberObjcExample-Prefix.pch";
				GCC_PREPROCESSOR_DEFINITIONS = (
					"DEBUG=1",
					"$(inherited)",
				);
				INFOPLIST_FILE = "LiberObjcExampleTests/LiberObjcExampleTests-Info.plist";
				PRODUCT_NAME = "$(TARGET_NAME)";
				TEST_HOST = "$(BUNDLE_LOADER)";
				WRAPPER_EXTENSION = xctest;
			};
			name = Debug;
		};
		D0F25322195F820D00F80552 /* Release */ = {
			isa = XCBuildConfiguration;
			buildSettings = {
				BUNDLE_LOADER = "$(BUILT_PRODUCTS_DIR)/LiberObjcExample.app/LiberObjcExample";
				FRAMEWORK_SEARCH_PATHS = (
					"$(SDKROOT)/Developer/Library/Frameworks",
					"$(inherited)",
					"$(DEVELOPER_FRAMEWORKS_DIR)",
				);
				GCC_PRECOMPILE_PREFIX_HEADER = YES;
				GCC_PREFIX_HEADER = "LiberObjcExample/LiberObjcExample-Prefix.pch";
				INFOPLIST_FILE = "LiberObjcExampleTests/LiberObjcExampleTests-Info.plist";
				PRODUCT_NAME = "$(TARGET_NAME)";
				TEST_HOST = "$(BUNDLE_LOADER)";
				WRAPPER_EXTENSION = xctest;
			};
			name = Release;
		};
/* End XCBuildConfiguration section */

/* Begin XCConfigurationList section */
		D0F252E6195F820D00F80552 /* Build configuration list for PBXProject "LiberObjcExample" */ = {
			isa = XCConfigurationList;
			buildConfigurations = (
				D0F2531B195F820D00F80552 /* Debug */,
				D0F2531C195F820D00F80552 /* Release */,
			);
			defaultConfigurationIsVisible = 0;
			defaultConfigurationName = Release;
		};
		D0F2531D195F820D00F80552 /* Build configuration list for PBXNativeTarget "LiberObjcExample" */ = {
			isa = XCConfigurationList;
			buildConfigurations = (
				D0F2531E195F820D00F80552 /* Debug */,
				D0F2531F195F820D00F80552 /* Release */,
			);
			defaultConfigurationIsVisible = 0;
			defaultConfigurationName = Release;
		};
		D0F25320195F820D00F80552 /* Build configuration list for PBXNativeTarget "LiberObjcExampleTests" */ = {
			isa = XCConfigurationList;
			buildConfigurations = (
				D0F25321195F820D00F80552 /* Debug */,
				D0F25322195F820D00F80552 /* Release */,
			);
			defaultConfigurationIsVisible = 0;
			defaultConfigurationName = Release;
		};
/* End XCConfigurationList section */
	};
	rootObject = D0F252E3195F820D00F80552 /* Project object */;
}
